
Microsoft Visual Studio Solution File, Format Version 12.00
# Visual Studio Version 17
VisualStudioVersion = 17.8.34330.188
MinimumVisualStudioVersion = 10.0.40219.1
Project("{FAE04EC0-301F-11D3-BF4B-00C04F79EFBC}") = "Test.WebApp", "Test.WebApp\Test.WebApp.csproj", "{DCDC30BC-6AFA-4992-B895-93AF8C452FCE}"
EndProject
Global
	GlobalSection(SolutionConfigurationPlatforms) = preSolution
		Debug|Any CPU = Debug|Any CPU
		Release|Any CPU = Release|Any CPU
	EndGlobalSection
	GlobalSection(ProjectConfigurationPlatforms) = postSolution
		{DCDC30BC-6AFA-4992-B895-93AF8C452FCE}.Debug|Any CPU.ActiveCfg = Debug|Any CPU
		{DCDC30BC-6AFA-4992-B895-93AF8C452FCE}.Debug|Any CPU.Build.0 = Debug|Any CPU
		{DCDC30BC-6AFA-4992-B895-93AF8C452FCE}.Release|Any CPU.ActiveCfg = Release|Any CPU
		{DCDC30BC-6AFA-4992-B895-93AF8C452FCE}.Release|Any CPU.Build.0 = Release|Any CPU
	EndGlobalSection
	GlobalSection(SolutionProperties) = preSolution
		HideSolutionNode = FALSE
	EndGlobalSection
	GlobalSection(ExtensibilityGlobals) = postSolution
		SolutionGuid = {45AB8C94-257E-48A6-8485-EF9778BFCBDA}
	EndGlobalSection
EndGlobal
